
Microsoft Visual Studio Solution File, Format Version 12.00
# Visual Studio Version 17
VisualStudioVersion = 17.9.34723.18
MinimumVisualStudioVersion = 10.0.40219.1
Project("{FAE04EC0-301F-11D3-BF4B-00C04F79EFBC}") = "OracleProjectMiedterm", "OracleProjectMiedterm\OracleProjectMiedterm.csproj", "{A2F8A284-5C3E-4F9C-AEE6-D224DF00D7F1}"
EndProject
Global
	GlobalSection(SolutionConfigurationPlatforms) = preSolution
		Debug|Any CPU = Debug|Any CPU
		Release|Any CPU = Release|Any CPU
	EndGlobalSection
	GlobalSection(ProjectConfigurationPlatforms) = postSolution
		{A2F8A284-5C3E-4F9C-AEE6-D224DF00D7F1}.Debug|Any CPU.ActiveCfg = Debug|Any CPU
		{A2F8A284-5C3E-4F9C-AEE6-D224DF00D7F1}.Debug|Any CPU.Build.0 = Debug|Any CPU
		{A2F8A284-5C3E-4F9C-AEE6-D224DF00D7F1}.Release|Any CPU.ActiveCfg = Release|Any CPU
		{A2F8A284-5C3E-4F9C-AEE6-D224DF00D7F1}.Release|Any CPU.Build.0 = Release|Any CPU
	EndGlobalSection
	GlobalSection(SolutionProperties) = preSolution
		HideSolutionNode = FALSE
	EndGlobalSection
	GlobalSection(ExtensibilityGlobals) = postSolution
		SolutionGuid = {C9A46481-74E1-4189-A5D0-77E4C3353F72}
	EndGlobalSection
EndGlobal
